
Microsoft Visual Studio Solution File, Format Version 12.00
# Visual Studio Version 17
VisualStudioVersion = 17.1.32328.378
MinimumVisualStudioVersion = 10.0.40219.1
Project("{9A19103F-16F7-4668-BE54-9A1E7A4F7556}") = "DokaponFileReader", "DokaponFileReader.csproj", "{BD4E5A48-0499-45AD-AE59-8E9F34450D59}"
EndProject
Project("{2150E333-8FDC-42A3-9474-1A3956D46DE8}") = "Solution Items", "Solution Items", "{EDA35092-E977-4A10-AF34-C8A9E457824D}"
EndProject
Global
	GlobalSection(SolutionConfigurationPlatforms) = preSolution
		Debug|Any CPU = Debug|Any CPU
		Release|Any CPU = Release|Any CPU
	EndGlobalSection
	GlobalSection(ProjectConfigurationPlatforms) = postSolution
		{BD4E5A48-0499-45AD-AE59-8E9F34450D59}.Debug|Any CPU.ActiveCfg = Debug|Any CPU
		{BD4E5A48-0499-45AD-AE59-8E9F34450D59}.Debug|Any CPU.Build.0 = Debug|Any CPU
		{BD4E5A48-0499-45AD-AE59-8E9F34450D59}.Release|Any CPU.ActiveCfg = Release|Any CPU
		{BD4E5A48-0499-45AD-AE59-8E9F34450D59}.Release|Any CPU.Build.0 = Release|Any CPU
	EndGlobalSection
	GlobalSection(SolutionProperties) = preSolution
		HideSolutionNode = FALSE
	EndGlobalSection
	GlobalSection(NestedProjects) = preSolution
		{BD4E5A48-0499-45AD-AE59-8E9F34450D59} = {EDA35092-E977-4A10-AF34-C8A9E457824D}
	EndGlobalSection
	GlobalSection(ExtensibilityGlobals) = postSolution
		SolutionGuid = {FD97286E-01C4-4929-A7C9-3734B9368C3B}
	EndGlobalSection
EndGlobal
